
Microsoft Visual Studio Solution File, Format Version 12.00
# Visual Studio Version 17
VisualStudioVersion = 17.13.35919.96 d17.13
MinimumVisualStudioVersion = 10.0.40219.1
Project("{FAE04EC0-301F-11D3-BF4B-00C04F79EFBC}") = "serverXamarin", "serverXamarin\serverXamarin.csproj", "{4511E207-C586-40AD-9AC8-19AA595EBED8}"
EndProject
Global
	GlobalSection(SolutionConfigurationPlatforms) = preSolution
		Debug|Any CPU = Debug|Any CPU
		Release|Any CPU = Release|Any CPU
	EndGlobalSection
	GlobalSection(ProjectConfigurationPlatforms) = postSolution
		{4511E207-C586-40AD-9AC8-19AA595EBED8}.Debug|Any CPU.ActiveCfg = Debug|Any CPU
		{4511E207-C586-40AD-9AC8-19AA595EBED8}.Debug|Any CPU.Build.0 = Debug|Any CPU
		{4511E207-C586-40AD-9AC8-19AA595EBED8}.Release|Any CPU.ActiveCfg = Release|Any CPU
		{4511E207-C586-40AD-9AC8-19AA595EBED8}.Release|Any CPU.Build.0 = Release|Any CPU
	EndGlobalSection
	GlobalSection(SolutionProperties) = preSolution
		HideSolutionNode = FALSE
	EndGlobalSection
	GlobalSection(ExtensibilityGlobals) = postSolution
		SolutionGuid = {86C38610-D887-4B1C-A693-6B440B8A9260}
	EndGlobalSection
EndGlobal
